
Microsoft Visual Studio Solution File, Format Version 12.00
Project("{FAE04EC0-301F-11D3-BF4B-00C04F79EFBC}") = "hangman", "hangman\hangman.csproj", "{F1351BA0-79AB-4B59-A909-E739B7E18EED}"
EndProject
Global
	GlobalSection(SolutionConfigurationPlatforms) = preSolution
		Debug|Any CPU = Debug|Any CPU
		Release|Any CPU = Release|Any CPU
	EndGlobalSection
	GlobalSection(ProjectConfigurationPlatforms) = postSolution
		{F1351BA0-79AB-4B59-A909-E739B7E18EED}.Debug|Any CPU.ActiveCfg = Debug|Any CPU
		{F1351BA0-79AB-4B59-A909-E739B7E18EED}.Debug|Any CPU.Build.0 = Debug|Any CPU
		{F1351BA0-79AB-4B59-A909-E739B7E18EED}.Release|Any CPU.ActiveCfg = Release|Any CPU
		{F1351BA0-79AB-4B59-A909-E739B7E18EED}.Release|Any CPU.Build.0 = Release|Any CPU
	EndGlobalSection
EndGlobal
